
Microsoft Visual Studio Solution File, Format Version 12.00
# Visual Studio Version 16
VisualStudioVersion = 16.0.33214.272
MinimumVisualStudioVersion = 10.0.40219.1
Project("{FAE04EC0-301F-11D3-BF4B-00C04F79EFBC}") = "Fitness.BL", "Fitness.BL\Fitness.BL.csproj", "{48021929-DE54-468F-83C1-7E4221DC3AE3}"
EndProject
Project("{FAE04EC0-301F-11D3-BF4B-00C04F79EFBC}") = "Fitness.CMD", "Fitness.CMD\Fitness.CMD.csproj", "{203BD97D-E41D-4E0C-9295-1B2B18F8A375}"
EndProject
Global
	GlobalSection(SolutionConfigurationPlatforms) = preSolution
		Debug|Any CPU = Debug|Any CPU
		Release|Any CPU = Release|Any CPU
	EndGlobalSection
	GlobalSection(ProjectConfigurationPlatforms) = postSolution
		{48021929-DE54-468F-83C1-7E4221DC3AE3}.Debug|Any CPU.ActiveCfg = Debug|Any CPU
		{48021929-DE54-468F-83C1-7E4221DC3AE3}.Debug|Any CPU.Build.0 = Debug|Any CPU
		{48021929-DE54-468F-83C1-7E4221DC3AE3}.Release|Any CPU.ActiveCfg = Release|Any CPU
		{48021929-DE54-468F-83C1-7E4221DC3AE3}.Release|Any CPU.Build.0 = Release|Any CPU
		{203BD97D-E41D-4E0C-9295-1B2B18F8A375}.Debug|Any CPU.ActiveCfg = Debug|Any CPU
		{203BD97D-E41D-4E0C-9295-1B2B18F8A375}.Debug|Any CPU.Build.0 = Debug|Any CPU
		{203BD97D-E41D-4E0C-9295-1B2B18F8A375}.Release|Any CPU.ActiveCfg = Release|Any CPU
		{203BD97D-E41D-4E0C-9295-1B2B18F8A375}.Release|Any CPU.Build.0 = Release|Any CPU
	EndGlobalSection
	GlobalSection(SolutionProperties) = preSolution
		HideSolutionNode = FALSE
	EndGlobalSection
	GlobalSection(ExtensibilityGlobals) = postSolution
		SolutionGuid = {01279FC5-437E-4ADE-BFF5-58E24B397AA3}
	EndGlobalSection
EndGlobal
